{
  "originHash" : "f060bcb3c9d1300ca9f254537c9c8fb62da54850cca457164efee5529065be3c",
  "pins" : [
    {
      "identity" : "c2pa-swift",
      "kind" : "remoteSourceControl",
      "location" : "https://github.com/contentauth/c2pa-swift.git",
      "state" : {
        "revision" : "a2812bdebcff324aa68fecba804e10e2144d5e4f",
        "version" : "0.0.12"
      }
    },
    {
      "identity" : "swift-asn1",
      "kind" : "remoteSourceControl",
      "location" : "https://github.com/apple/swift-asn1.git",
      "state" : {
        "revision" : "a9a5efd40eaf558a2bcd48d64b1d1646be686008",
        "version" : "1.7.1"
      }
    },
    {
      "identity" : "swift-certificates",
      "kind" : "remoteSourceControl",
      "location" : "https://github.com/apple/swift-certificates.git",
      "state" : {
        "revision" : "eaa10d47d19919979dd8df22ff4fd6349b1108d4",
        "version" : "1.19.2"
      }
    },
    {
      "identity" : "swift-crypto",
      "kind" : "remoteSourceControl",
      "location" : "https://github.com/apple/swift-crypto.git",
      "state" : {
        "revision" : "95ba0316a9b733e92bb6b071255ff46263bbe7dc",
        "version" : "3.15.1"
      }
    }
  ],
  "version" : 3
}
