// !$*UTF8*$!
{
	archiveVersion = 1;
	classes = {
	};
	objectVersion = 77;
	objects = {

/* Begin PBXBuildFile section */
		001 /* AsyncButton.swift in Sources */ = {isa = PBXBuildFile; fileRef = 101; };
		002 /* ContentView.swift in Sources */ = {isa = PBXBuildFile; fileRef = 102; };
		003 /* ControlsView.swift in Sources */ = {isa = PBXBuildFile; fileRef = 103; };
		004 /* ErrorAlertModifier.swift in Sources */ = {isa = PBXBuildFile; fileRef = 104; };
		005 /* PhotoItem.swift in Sources */ = {isa = PBXBuildFile; fileRef = 105; };
		006 /* PositionGridView.swift in Sources */ = {isa = PBXBuildFile; fileRef = 106; };
		007 /* PreviewView.swift in Sources */ = {isa = PBXBuildFile; fileRef = 107; };
		008 /* ScaleStepperView.swift in Sources */ = {isa = PBXBuildFile; fileRef = 108; };
		009 /* ShareSheetView.swift in Sources */ = {isa = PBXBuildFile; fileRef = 109; };
		00A /* TextWatermarkInputView.swift in Sources */ = {isa = PBXBuildFile; fileRef = 10A; };
		00B /* ThumbnailStripView.swift in Sources */ = {isa = PBXBuildFile; fileRef = 10B; };
		00C /* WatermarkApp.swift in Sources */ = {isa = PBXBuildFile; fileRef = 10C; };
		00D /* WatermarkViewModel.swift in Sources */ = {isa = PBXBuildFile; fileRef = 10D; };
		00F /* LogoPickerView.swift in Sources */ = {isa = PBXBuildFile; fileRef = 10F; };
		010 /* LayerListView.swift in Sources */ = {isa = PBXBuildFile; fileRef = 110; };
		011 /* WhiteFrameToggleView.swift in Sources */ = {isa = PBXBuildFile; fileRef = 111; };
		012 /* ScaleLabelView.swift in Sources */ = {isa = PBXBuildFile; fileRef = 112; };
		00E /* WatermarkCore in Frameworks */ = {isa = PBXBuildFile; productRef = 30E; };
		013 /* ShareViewController.swift in Sources */ = {isa = PBXBuildFile; fileRef = 600; };
		014 /* ShareExtensionViewModel.swift in Sources */ = {isa = PBXBuildFile; fileRef = 601; };
		015 /* ShareExtensionRootView.swift in Sources */ = {isa = PBXBuildFile; fileRef = 602; };
		016 /* ShareSheetView.swift in Sources */ = {isa = PBXBuildFile; fileRef = 603; };
		017 /* PhotoEditingViewController.swift in Sources */ = {isa = PBXBuildFile; fileRef = 610; };
		018 /* PhotosExtensionViewModel.swift in Sources */ = {isa = PBXBuildFile; fileRef = 611; };
		019 /* PhotosExtensionRootView.swift in Sources */ = {isa = PBXBuildFile; fileRef = 612; };
		01A /* ShareExtension.appex in Embed App Extensions */ = {isa = PBXBuildFile; fileRef = 620; settings = {ATTRIBUTES = (RemoveHeadersOnCopy, ); }; };
		01B /* PhotoEditExtension.appex in Embed App Extensions */ = {isa = PBXBuildFile; fileRef = 621; settings = {ATTRIBUTES = (RemoveHeadersOnCopy, ); }; };
/* End PBXBuildFile section */

/* Begin PBXFileReference section */
		100 /* Info.plist */ = {isa = PBXFileReference; lastKnownFileType = text.plist.xml; path = Info.plist; sourceTree = "<group>"; };
		101 /* AsyncButton.swift */ = {isa = PBXFileReference; lastKnownFileType = sourcecode.swift; path = AsyncButton.swift; sourceTree = "<group>"; };
		102 /* ContentView.swift */ = {isa = PBXFileReference; lastKnownFileType = sourcecode.swift; path = ContentView.swift; sourceTree = "<group>"; };
		103 /* ControlsView.swift */ = {isa = PBXFileReference; lastKnownFileType = sourcecode.swift; path = ControlsView.swift; sourceTree = "<group>"; };
		104 /* ErrorAlertModifier.swift */ = {isa = PBXFileReference; lastKnownFileType = sourcecode.swift; path = ErrorAlertModifier.swift; sourceTree = "<group>"; };
		105 /* PhotoItem.swift */ = {isa = PBXFileReference; lastKnownFileType = sourcecode.swift; path = PhotoItem.swift; sourceTree = "<group>"; };
		106 /* PositionGridView.swift */ = {isa = PBXFileReference; lastKnownFileType = sourcecode.swift; path = PositionGridView.swift; sourceTree = "<group>"; };
		107 /* PreviewView.swift */ = {isa = PBXFileReference; lastKnownFileType = sourcecode.swift; path = PreviewView.swift; sourceTree = "<group>"; };
		108 /* ScaleStepperView.swift */ = {isa = PBXFileReference; lastKnownFileType = sourcecode.swift; path = ScaleStepperView.swift; sourceTree = "<group>"; };
		109 /* ShareSheetView.swift */ = {isa = PBXFileReference; lastKnownFileType = sourcecode.swift; path = ShareSheetView.swift; sourceTree = "<group>"; };
		10A /* TextWatermarkInputView.swift */ = {isa = PBXFileReference; lastKnownFileType = sourcecode.swift; path = TextWatermarkInputView.swift; sourceTree = "<group>"; };
		10B /* ThumbnailStripView.swift */ = {isa = PBXFileReference; lastKnownFileType = sourcecode.swift; path = ThumbnailStripView.swift; sourceTree = "<group>"; };
		10C /* WatermarkApp.swift */ = {isa = PBXFileReference; lastKnownFileType = sourcecode.swift; path = WatermarkApp.swift; sourceTree = "<group>"; };
		10D /* WatermarkViewModel.swift */ = {isa = PBXFileReference; lastKnownFileType = sourcecode.swift; path = WatermarkViewModel.swift; sourceTree = "<group>"; };
		10F /* LogoPickerView.swift */ = {isa = PBXFileReference; lastKnownFileType = sourcecode.swift; path = LogoPickerView.swift; sourceTree = "<group>"; };
		110 /* LayerListView.swift */ = {isa = PBXFileReference; lastKnownFileType = sourcecode.swift; path = LayerListView.swift; sourceTree = "<group>"; };
		111 /* WhiteFrameToggleView.swift */ = {isa = PBXFileReference; lastKnownFileType = sourcecode.swift; path = WhiteFrameToggleView.swift; sourceTree = "<group>"; };
		112 /* ScaleLabelView.swift */ = {isa = PBXFileReference; lastKnownFileType = sourcecode.swift; path = ScaleLabelView.swift; sourceTree = "<group>"; };
		10E /* WatermarkApp.app */ = {isa = PBXFileReference; explicitFileType = wrapper.application; includeInIndex = 0; path = WatermarkApp.app; sourceTree = BUILT_PRODUCTS_DIR; };
		20E /* WatermarkCore */ = {isa = PBXFileReference; lastKnownFileType = wrapper; name = WatermarkCore; path = Packages/WatermarkCore; sourceTree = SOURCE_ROOT; };
		600 /* ShareViewController.swift */ = {isa = PBXFileReference; lastKnownFileType = sourcecode.swift; path = ShareViewController.swift; sourceTree = "<group>"; };
		601 /* ShareExtensionViewModel.swift */ = {isa = PBXFileReference; lastKnownFileType = sourcecode.swift; path = ShareExtensionViewModel.swift; sourceTree = "<group>"; };
		602 /* ShareExtensionRootView.swift */ = {isa = PBXFileReference; lastKnownFileType = sourcecode.swift; path = ShareExtensionRootView.swift; sourceTree = "<group>"; };
		603 /* ShareSheetView.swift */ = {isa = PBXFileReference; lastKnownFileType = sourcecode.swift; path = ShareSheetView.swift; sourceTree = "<group>"; };
		604 /* Info.plist */ = {isa = PBXFileReference; lastKnownFileType = text.plist.xml; path = Info.plist; sourceTree = "<group>"; };
		605 /* ShareExtension.entitlements */ = {isa = PBXFileReference; lastKnownFileType = text.plist.entitlements; path = ShareExtension.entitlements; sourceTree = "<group>"; };
		610 /* PhotoEditingViewController.swift */ = {isa = PBXFileReference; lastKnownFileType = sourcecode.swift; path = PhotoEditingViewController.swift; sourceTree = "<group>"; };
		611 /* PhotosExtensionViewModel.swift */ = {isa = PBXFileReference; lastKnownFileType = sourcecode.swift; path = PhotosExtensionViewModel.swift; sourceTree = "<group>"; };
		612 /* PhotosExtensionRootView.swift */ = {isa = PBXFileReference; lastKnownFileType = sourcecode.swift; path = PhotosExtensionRootView.swift; sourceTree = "<group>"; };
		613 /* Info.plist */ = {isa = PBXFileReference; lastKnownFileType = text.plist.xml; path = Info.plist; sourceTree = "<group>"; };
		614 /* PhotoEditExtension.entitlements */ = {isa = PBXFileReference; lastKnownFileType = text.plist.entitlements; path = PhotoEditExtension.entitlements; sourceTree = "<group>"; };
		620 /* ShareExtension.appex */ = {isa = PBXFileReference; explicitFileType = "wrapper.app-extension"; includeInIndex = 0; path = ShareExtension.appex; sourceTree = BUILT_PRODUCTS_DIR; };
		621 /* PhotoEditExtension.appex */ = {isa = PBXFileReference; explicitFileType = "wrapper.app-extension"; includeInIndex = 0; path = PhotoEditExtension.appex; sourceTree = BUILT_PRODUCTS_DIR; };
/* End PBXFileReference section */

/* Begin PBXFrameworksBuildPhase section */
		200 /* Frameworks */ = {
			isa = PBXFrameworksBuildPhase;
			buildActionMask = 2147483647;
			files = (
				00E /* WatermarkCore in Frameworks */,
			);
			runOnlyForDeploymentPostprocessing = 0;
		};
		405 /* Frameworks */ = {
			isa = PBXFrameworksBuildPhase;
			buildActionMask = 2147483647;
			files = (
			);
			runOnlyForDeploymentPostprocessing = 0;
		};
		406 /* Frameworks */ = {
			isa = PBXFrameworksBuildPhase;
			buildActionMask = 2147483647;
			files = (
			);
			runOnlyForDeploymentPostprocessing = 0;
		};
/* End PBXFrameworksBuildPhase section */

/* Begin PBXGroup section */
		300 /* = */ = {
			isa = PBXGroup;
			children = (
				301 /* App */,
				304 /* ShareExtension */,
				305 /* PhotoEditExtension */,
				302 /* Packages */,
				303 /* Products */,
			);
			sourceTree = "<group>";
		};
		301 /* App */ = {
			isa = PBXGroup;
			children = (
				10C /* WatermarkApp.swift */,
				311 /* ViewModels */,
				312 /* Models */,
				313 /* Views */,
				100 /* Info.plist */,
			);
			path = App;
			sourceTree = "<group>";
		};
		302 /* Packages */ = {
			isa = PBXGroup;
			children = (
				20E /* WatermarkCore */,
			);
			sourceTree = "<group>";
		};
		303 /* Products */ = {
			isa = PBXGroup;
			children = (
				10E /* WatermarkApp.app */,
				620 /* ShareExtension.appex */,
				621 /* PhotoEditExtension.appex */,
			);
			name = Products;
			sourceTree = "<group>";
		};
		304 /* ShareExtension */ = {
			isa = PBXGroup;
			children = (
				600 /* ShareViewController.swift */,
				601 /* ShareExtensionViewModel.swift */,
				602 /* ShareExtensionRootView.swift */,
				603 /* ShareSheetView.swift */,
				604 /* Info.plist */,
				605 /* ShareExtension.entitlements */,
			);
			path = ShareExtension;
			sourceTree = "<group>";
		};
		305 /* PhotoEditExtension */ = {
			isa = PBXGroup;
			children = (
				610 /* PhotoEditingViewController.swift */,
				611 /* PhotosExtensionViewModel.swift */,
				612 /* PhotosExtensionRootView.swift */,
				613 /* Info.plist */,
				614 /* PhotoEditExtension.entitlements */,
			);
			path = PhotoEditExtension;
			sourceTree = "<group>";
		};
		311 /* ViewModels */ = {
			isa = PBXGroup;
			children = (
				10D /* WatermarkViewModel.swift */,
			);
			path = ViewModels;
			sourceTree = "<group>";
		};
		312 /* Models */ = {
			isa = PBXGroup;
			children = (
				105 /* PhotoItem.swift */,
			);
			path = Models;
			sourceTree = "<group>";
		};
		313 /* Views */ = {
			isa = PBXGroup;
			children = (
				102 /* ContentView.swift */,
				331 /* PreviewArea */,
				332 /* Controls */,
				333 /* Share */,
				334 /* Navigation */,
				335 /* Common */,
			);
			path = Views;
			sourceTree = "<group>";
		};
		331 /* PreviewArea */ = {
			isa = PBXGroup;
			children = (
				107 /* PreviewView.swift */,
				112 /* ScaleLabelView.swift */,
			);
			path = PreviewArea;
			sourceTree = "<group>";
		};
		332 /* Controls */ = {
			isa = PBXGroup;
			children = (
				103 /* ControlsView.swift */,
				10A /* TextWatermarkInputView.swift */,
				106 /* PositionGridView.swift */,
				108 /* ScaleStepperView.swift */,
				10F /* LogoPickerView.swift */,
				110 /* LayerListView.swift */,
				111 /* WhiteFrameToggleView.swift */,
			);
			path = Controls;
			sourceTree = "<group>";
		};
		333 /* Share */ = {
			isa = PBXGroup;
			children = (
				109 /* ShareSheetView.swift */,
			);
			path = Share;
			sourceTree = "<group>";
		};
		334 /* Navigation */ = {
			isa = PBXGroup;
			children = (
				10B /* ThumbnailStripView.swift */,
			);
			path = Navigation;
			sourceTree = "<group>";
		};
		335 /* Common */ = {
			isa = PBXGroup;
			children = (
				101 /* AsyncButton.swift */,
				104 /* ErrorAlertModifier.swift */,
			);
			path = Common;
			sourceTree = "<group>";
		};
/* End PBXGroup section */

/* Begin PBXNativeTarget section */
		400 /* WatermarkApp */ = {
			isa = PBXNativeTarget;
			buildConfigurationList = 70D /* Build configuration list for PBXNativeTarget "WatermarkApp" */;
			buildPhases = (
				401 /* Sources */,
				200 /* Frameworks */,
				402 /* Resources */,
				409 /* Embed App Extensions */,
			);
			buildRules = (
			);
			dependencies = (
			);
			name = WatermarkApp;
			packageProductDependencies = (
				30E /* WatermarkCore */,
			);
			productName = WatermarkApp;
			productReference = 10E /* WatermarkApp.app */;
			productType = "com.apple.product-type.application";
		};
		410 /* ShareExtension */ = {
			isa = PBXNativeTarget;
			buildConfigurationList = 71D /* Build configuration list for PBXNativeTarget "ShareExtension" */;
			buildPhases = (
				403 /* Sources */,
				405 /* Frameworks */,
				407 /* Resources */,
			);
			buildRules = (
			);
			dependencies = (
			);
			name = ShareExtension;
			packageProductDependencies = (
				30E /* WatermarkCore */,
			);
			productName = ShareExtension;
			productReference = 620 /* ShareExtension.appex */;
			productType = "com.apple.product-type.app-extension";
		};
		411 /* PhotoEditExtension */ = {
			isa = PBXNativeTarget;
			buildConfigurationList = 71E /* Build configuration list for PBXNativeTarget "PhotoEditExtension" */;
			buildPhases = (
				404 /* Sources */,
				406 /* Frameworks */,
				408 /* Resources */,
			);
			buildRules = (
			);
			dependencies = (
			);
			name = PhotoEditExtension;
			packageProductDependencies = (
				30E /* WatermarkCore */,
			);
			productName = PhotoEditExtension;
			productReference = 621 /* PhotoEditExtension.appex */;
			productType = "com.apple.product-type.app-extension";
		};
/* End PBXNativeTarget section */

/* Begin PBXProject section */
		500 /* Project object */ = {
			isa = PBXProject;
			attributes = {
				BuildIndependentTargetsInParallel = 1;
				LastSwiftUpdateCheck = 2600;
				LastUpgradeCheck = 2600;
				TargetAttributes = {
					400 = {
						CreatedOnToolsVersion = 26.0;
						LastSwiftMigration = 2600;
					};
					410 = {
						CreatedOnToolsVersion = 26.0;
						DevelopmentTeam = "";
						ProvisioningStyle = Automatic;
					};
					411 = {
						CreatedOnToolsVersion = 26.0;
						DevelopmentTeam = "";
						ProvisioningStyle = Automatic;
					};
				};
			};
			buildConfigurationList = 70E /* Build configuration list for PBXProject "Watermark" */;
			compatibilityVersion = "Xcode 16.0";
			developmentRegion = en;
			hasScannedForEncodings = 0;
			knownRegions = (
				en,
				Base,
			);
			mainGroup = 300;
			packageReferences = (
				503 /* XCLocalSwiftPackageReference "Packages/WatermarkCore" */,
			);
			productRefGroup = 303 /* Products */;
			projectDirPath = "";
			projectRoot = "";
			targets = (
				400 /* WatermarkApp */,
				410 /* ShareExtension */,
				411 /* PhotoEditExtension */,
			);
		};
/* End PBXProject section */

/* Begin PBXCopyFilesBuildPhase section */
		409 /* Embed App Extensions */ = {
			isa = PBXCopyFilesBuildPhase;
			buildActionMask = 2147483647;
			dstPath = "";
			dstSubfolderSpec = 13;
			files = (
				01A /* ShareExtension.appex in Embed App Extensions */,
				01B /* PhotoEditExtension.appex in Embed App Extensions */,
			);
			name = "Embed App Extensions";
			runOnlyForDeploymentPostprocessing = 0;
		};
/* End PBXCopyFilesBuildPhase section */

/* Begin PBXResourcesBuildPhase section */
		402 /* Resources */ = {
			isa = PBXResourcesBuildPhase;
			buildActionMask = 2147483647;
			files = (
			);
			runOnlyForDeploymentPostprocessing = 0;
		};
		407 /* Resources */ = {
			isa = PBXResourcesBuildPhase;
			buildActionMask = 2147483647;
			files = (
			);
			runOnlyForDeploymentPostprocessing = 0;
		};
		408 /* Resources */ = {
			isa = PBXResourcesBuildPhase;
			buildActionMask = 2147483647;
			files = (
			);
			runOnlyForDeploymentPostprocessing = 0;
		};
/* End PBXResourcesBuildPhase section */

/* Begin PBXSourcesBuildPhase section */
		401 /* Sources */ = {
			isa = PBXSourcesBuildPhase;
			buildActionMask = 2147483647;
			files = (
				001 /* AsyncButton.swift in Sources */,
				002 /* ContentView.swift in Sources */,
				004 /* ErrorAlertModifier.swift in Sources */,
				005 /* PhotoItem.swift in Sources */,
				007 /* PreviewView.swift in Sources */,
				009 /* ShareSheetView.swift in Sources */,
				00B /* ThumbnailStripView.swift in Sources */,
				00C /* WatermarkApp.swift in Sources */,
				00D /* WatermarkViewModel.swift in Sources */,
				012 /* ScaleLabelView.swift in Sources */,
			);
			runOnlyForDeploymentPostprocessing = 0;
		};
		403 /* Sources */ = {
			isa = PBXSourcesBuildPhase;
			buildActionMask = 2147483647;
			files = (
				013 /* ShareViewController.swift in Sources */,
				014 /* ShareExtensionViewModel.swift in Sources */,
				015 /* ShareExtensionRootView.swift in Sources */,
				016 /* ShareSheetView.swift in Sources */,
			);
			runOnlyForDeploymentPostprocessing = 0;
		};
		404 /* Sources */ = {
			isa = PBXSourcesBuildPhase;
			buildActionMask = 2147483647;
			files = (
				017 /* PhotoEditingViewController.swift in Sources */,
				018 /* PhotosExtensionViewModel.swift in Sources */,
				019 /* PhotosExtensionRootView.swift in Sources */,
			);
			runOnlyForDeploymentPostprocessing = 0;
		};
/* End PBXSourcesBuildPhase section */

/* Begin XCBuildConfiguration section */
		60D /* Debug */ = {
			isa = XCBuildConfiguration;
			buildSettings = {
				ALWAYS_SEARCH_USER_PATHS = NO;
				ASSETCATALOG_COMPILER_GENERATE_SWIFT_ASSET_SYMBOL_EXTENSIONS = YES;
				CLANG_ANALYZER_NONNULL = YES;
				CLANG_CXX_LANGUAGE_STANDARD = "gnu++20";
				CLANG_ENABLE_MODULES = YES;
				CLANG_ENABLE_OBJC_ARC = YES;
				COPY_PHASE_STRIP = NO;
				DEBUG_INFORMATION_FORMAT = dwarf;
				ENABLE_STRICT_OBJC_MSGSEND = YES;
				ENABLE_TESTABILITY = YES;
				GCC_DYNAMIC_NO_PIC = NO;
				GCC_OPTIMIZATION_LEVEL = 0;
				GCC_PREPROCESSOR_DEFINITIONS = (
					"DEBUG=1",
					"$(inherited)",
				);
				IPHONEOS_DEPLOYMENT_TARGET = 18.0;
				MTL_ENABLE_DEBUG_INFO = INCLUDE_SOURCE;
				ONLY_ACTIVE_ARCH = YES;
				SDKROOT = iphoneos;
				SWIFT_ACTIVE_COMPILATION_CONDITIONS = "DEBUG $(inherited)";
				SWIFT_OPTIMIZATION_LEVEL = "-Onone";
				SWIFT_VERSION = 6.0;
			};
			name = Debug;
		};
		60E /* Release */ = {
			isa = XCBuildConfiguration;
			buildSettings = {
				ALWAYS_SEARCH_USER_PATHS = NO;
				ASSETCATALOG_COMPILER_GENERATE_SWIFT_ASSET_SYMBOL_EXTENSIONS = YES;
				CLANG_ANALYZER_NONNULL = YES;
				CLANG_CXX_LANGUAGE_STANDARD = "gnu++20";
				CLANG_ENABLE_MODULES = YES;
				CLANG_ENABLE_OBJC_ARC = YES;
				COPY_PHASE_STRIP = NO;
				DEBUG_INFORMATION_FORMAT = "dwarf-with-dsym";
				ENABLE_NS_ASSERTIONS = NO;
				ENABLE_STRICT_OBJC_MSGSEND = YES;
				GCC_OPTIMIZATION_LEVEL = s;
				IPHONEOS_DEPLOYMENT_TARGET = 18.0;
				MTL_ENABLE_DEBUG_INFO = NO;
				SDKROOT = iphoneos;
				SWIFT_COMPILATION_MODE = wholemodule;
				SWIFT_OPTIMIZATION_LEVEL = "-O";
				SWIFT_VERSION = 6.0;
				VALIDATE_PRODUCT = YES;
			};
			name = Release;
		};
		61D /* Debug */ = {
			isa = XCBuildConfiguration;
			buildSettings = {
				ASSETCATALOG_COMPILER_APPICON_NAME = AppIcon;
				CODE_SIGN_STYLE = Automatic;
				CURRENT_PROJECT_VERSION = 1;
				DEVELOPMENT_TEAM = "";
				ENABLE_PREVIEWS = YES;
				ENABLE_USER_SCRIPT_SANDBOXING = NO;
				GENERATE_INFOPLIST_FILE = YES;
				INFOPLIST_FILE = App/Info.plist;
				INFOPLIST_KEY_CFBundleDisplayName = Watermark;
				INFOPLIST_KEY_UIApplicationSceneManifest_Generation = YES;
				INFOPLIST_KEY_UIApplicationSupportsIndirectInputEvents = YES;
				INFOPLIST_KEY_UILaunchScreen_Generation = YES;
				INFOPLIST_KEY_UISupportedInterfaceOrientations_iPad = "UIInterfaceOrientationPortrait UIInterfaceOrientationPortraitUpsideDown UIInterfaceOrientationLandscapeLeft UIInterfaceOrientationLandscapeRight";
				INFOPLIST_KEY_UISupportedInterfaceOrientations_iPhone = "UIInterfaceOrientationPortrait UIInterfaceOrientationLandscapeLeft UIInterfaceOrientationLandscapeRight";
				IPHONEOS_DEPLOYMENT_TARGET = 18.0;
				LD_RUNPATH_SEARCH_PATHS = (
					"$(inherited)",
					"@executable_path/Frameworks",
				);
				MARKETING_VERSION = 1.0;
				PRODUCT_BUNDLE_IDENTIFIER = com.watermark.app;
				PRODUCT_NAME = "$(TARGET_NAME)";
				SWIFT_EMIT_LOC_STRINGS = YES;
				SWIFT_VERSION = 6.0;
				TARGETED_DEVICE_FAMILY = "1,2";
			};
			name = Debug;
		};
		61E /* Release */ = {
			isa = XCBuildConfiguration;
			buildSettings = {
				ASSETCATALOG_COMPILER_APPICON_NAME = AppIcon;
				CODE_SIGN_STYLE = Automatic;
				CURRENT_PROJECT_VERSION = 1;
				DEVELOPMENT_TEAM = "";
				ENABLE_PREVIEWS = YES;
				ENABLE_USER_SCRIPT_SANDBOXING = NO;
				GENERATE_INFOPLIST_FILE = YES;
				INFOPLIST_FILE = App/Info.plist;
				INFOPLIST_KEY_CFBundleDisplayName = Watermark;
				INFOPLIST_KEY_UIApplicationSceneManifest_Generation = YES;
				INFOPLIST_KEY_UIApplicationSupportsIndirectInputEvents = YES;
				INFOPLIST_KEY_UILaunchScreen_Generation = YES;
				INFOPLIST_KEY_UISupportedInterfaceOrientations_iPad = "UIInterfaceOrientationPortrait UIInterfaceOrientationPortraitUpsideDown UIInterfaceOrientationLandscapeLeft UIInterfaceOrientationLandscapeRight";
				INFOPLIST_KEY_UISupportedInterfaceOrientations_iPhone = "UIInterfaceOrientationPortrait UIInterfaceOrientationLandscapeLeft UIInterfaceOrientationLandscapeRight";
				IPHONEOS_DEPLOYMENT_TARGET = 18.0;
				LD_RUNPATH_SEARCH_PATHS = (
					"$(inherited)",
					"@executable_path/Frameworks",
				);
				MARKETING_VERSION = 1.0;
				PRODUCT_BUNDLE_IDENTIFIER = com.watermark.app;
				PRODUCT_NAME = "$(TARGET_NAME)";
				SWIFT_EMIT_LOC_STRINGS = YES;
				SWIFT_VERSION = 6.0;
				TARGETED_DEVICE_FAMILY = "1,2";
			};
			name = Release;
		};
		62D /* Debug */ = {
			isa = XCBuildConfiguration;
			buildSettings = {
				CODE_SIGN_ENTITLEMENTS = ShareExtension/ShareExtension.entitlements;
				CODE_SIGN_STYLE = Automatic;
				CURRENT_PROJECT_VERSION = 1;
				DEVELOPMENT_TEAM = "";
				ENABLE_USER_SCRIPT_SANDBOXING = NO;
				GENERATE_INFOPLIST_FILE = YES;
				INFOPLIST_FILE = ShareExtension/Info.plist;
				INFOPLIST_KEY_CFBundleDisplayName = Watermark;
				IPHONEOS_DEPLOYMENT_TARGET = 18.0;
				LD_RUNPATH_SEARCH_PATHS = (
					"$(inherited)",
					"@executable_path/Frameworks",
					"@executable_path/../../Frameworks",
				);
				MARKETING_VERSION = 1.0;
				PRODUCT_BUNDLE_IDENTIFIER = com.watermark.app.share;
				PRODUCT_NAME = "$(TARGET_NAME)";
				SWIFT_EMIT_LOC_STRINGS = YES;
				SWIFT_VERSION = 5.0;
				TARGETED_DEVICE_FAMILY = 1;
			};
			name = Debug;
		};
		62E /* Release */ = {
			isa = XCBuildConfiguration;
			buildSettings = {
				CODE_SIGN_ENTITLEMENTS = ShareExtension/ShareExtension.entitlements;
				CODE_SIGN_STYLE = Automatic;
				CURRENT_PROJECT_VERSION = 1;
				DEVELOPMENT_TEAM = "";
				ENABLE_USER_SCRIPT_SANDBOXING = NO;
				GENERATE_INFOPLIST_FILE = YES;
				INFOPLIST_FILE = ShareExtension/Info.plist;
				INFOPLIST_KEY_CFBundleDisplayName = Watermark;
				IPHONEOS_DEPLOYMENT_TARGET = 18.0;
				LD_RUNPATH_SEARCH_PATHS = (
					"$(inherited)",
					"@executable_path/Frameworks",
					"@executable_path/../../Frameworks",
				);
				MARKETING_VERSION = 1.0;
				PRODUCT_BUNDLE_IDENTIFIER = com.watermark.app.share;
				PRODUCT_NAME = "$(TARGET_NAME)";
				SWIFT_EMIT_LOC_STRINGS = YES;
				SWIFT_VERSION = 5.0;
				TARGETED_DEVICE_FAMILY = 1;
			};
			name = Release;
		};
		63D /* Debug */ = {
			isa = XCBuildConfiguration;
			buildSettings = {
				CODE_SIGN_ENTITLEMENTS = PhotoEditExtension/PhotoEditExtension.entitlements;
				CODE_SIGN_STYLE = Automatic;
				CURRENT_PROJECT_VERSION = 1;
				DEVELOPMENT_TEAM = "";
				ENABLE_USER_SCRIPT_SANDBOXING = NO;
				GENERATE_INFOPLIST_FILE = YES;
				INFOPLIST_FILE = PhotoEditExtension/Info.plist;
				INFOPLIST_KEY_CFBundleDisplayName = Watermark;
				IPHONEOS_DEPLOYMENT_TARGET = 18.0;
				LD_RUNPATH_SEARCH_PATHS = (
					"$(inherited)",
					"@executable_path/Frameworks",
					"@executable_path/../../Frameworks",
				);
				MARKETING_VERSION = 1.0;
				PRODUCT_BUNDLE_IDENTIFIER = com.watermark.app.photoedit;
				PRODUCT_NAME = "$(TARGET_NAME)";
				SWIFT_EMIT_LOC_STRINGS = YES;
				SWIFT_VERSION = 5.0;
				TARGETED_DEVICE_FAMILY = 1;
			};
			name = Debug;
		};
		63E /* Release */ = {
			isa = XCBuildConfiguration;
			buildSettings = {
				CODE_SIGN_ENTITLEMENTS = PhotoEditExtension/PhotoEditExtension.entitlements;
				CODE_SIGN_STYLE = Automatic;
				CURRENT_PROJECT_VERSION = 1;
				DEVELOPMENT_TEAM = "";
				ENABLE_USER_SCRIPT_SANDBOXING = NO;
				GENERATE_INFOPLIST_FILE = YES;
				INFOPLIST_FILE = PhotoEditExtension/Info.plist;
				INFOPLIST_KEY_CFBundleDisplayName = Watermark;
				IPHONEOS_DEPLOYMENT_TARGET = 18.0;
				LD_RUNPATH_SEARCH_PATHS = (
					"$(inherited)",
					"@executable_path/Frameworks",
					"@executable_path/../../Frameworks",
				);
				MARKETING_VERSION = 1.0;
				PRODUCT_BUNDLE_IDENTIFIER = com.watermark.app.photoedit;
				PRODUCT_NAME = "$(TARGET_NAME)";
				SWIFT_EMIT_LOC_STRINGS = YES;
				SWIFT_VERSION = 5.0;
				TARGETED_DEVICE_FAMILY = 1;
			};
			name = Release;
		};
/* End XCBuildConfiguration section */

/* Begin XCConfigurationList section */
		70D /* Build configuration list for PBXNativeTarget "WatermarkApp" */ = {
			isa = XCConfigurationList;
			buildConfigurations = (
				61D /* Debug */,
				61E /* Release */,
			);
			defaultConfigurationIsVisible = 0;
			defaultConfigurationName = Release;
		};
		70E /* Build configuration list for PBXProject "Watermark" */ = {
			isa = XCConfigurationList;
			buildConfigurations = (
				60D /* Debug */,
				60E /* Release */,
			);
			defaultConfigurationIsVisible = 0;
			defaultConfigurationName = Release;
		};
		71D /* Build configuration list for PBXNativeTarget "ShareExtension" */ = {
			isa = XCConfigurationList;
			buildConfigurations = (
				62D /* Debug */,
				62E /* Release */,
			);
			defaultConfigurationIsVisible = 0;
			defaultConfigurationName = Release;
		};
		71E /* Build configuration list for PBXNativeTarget "PhotoEditExtension" */ = {
			isa = XCConfigurationList;
			buildConfigurations = (
				63D /* Debug */,
				63E /* Release */,
			);
			defaultConfigurationIsVisible = 0;
			defaultConfigurationName = Release;
		};
/* End XCConfigurationList section */

/* Begin XCSwiftPackageProductSection */
		30E /* WatermarkCore */ = {
			isa = XCSwiftPackageProductDependency;
			productName = WatermarkCore;
		};
/* End XCSwiftPackageProductSection */

/* Begin XCLocalSwiftPackageReference section */
		503 /* XCLocalSwiftPackageReference "Packages/WatermarkCore" */ = {
			isa = XCLocalSwiftPackageReference;
			relativePath = Packages/WatermarkCore;
		};
/* End XCLocalSwiftPackageReference section */

	};
	rootObject = 500 /* Project object */;
}
