// !$*UTF8*$!
{
	archiveVersion = 1;
	classes = {
	};
	objectVersion = 71;
	objects = {

/* Begin PBXBuildFile section */
		001 /* AsyncButton.swift in Sources */ = {isa = PBXBuildFile; fileRef = 101 /* AsyncButton.swift */; };
		002 /* ContentView.swift in Sources */ = {isa = PBXBuildFile; fileRef = 102 /* ContentView.swift */; };
		004 /* ErrorAlertModifier.swift in Sources */ = {isa = PBXBuildFile; fileRef = 104 /* ErrorAlertModifier.swift */; };
		005 /* PhotoItem.swift in Sources */ = {isa = PBXBuildFile; fileRef = 105 /* PhotoItem.swift */; };
		007 /* PreviewView.swift in Sources */ = {isa = PBXBuildFile; fileRef = 107 /* PreviewView.swift */; };
		00B /* ThumbnailStripView.swift in Sources */ = {isa = PBXBuildFile; fileRef = 10B /* ThumbnailStripView.swift */; };
		00C /* WatermarkApp.swift in Sources */ = {isa = PBXBuildFile; fileRef = 10C /* WatermarkApp.swift */; };
		00D /* WatermarkViewModel.swift in Sources */ = {isa = PBXBuildFile; fileRef = 10D /* WatermarkViewModel.swift */; };
		00E /* WatermarkCore in Frameworks */ = {isa = PBXBuildFile; productRef = 30E /* WatermarkCore */; };
		012 /* ScaleLabelView.swift in Sources */ = {isa = PBXBuildFile; fileRef = 112 /* ScaleLabelView.swift */; };
		013 /* ShareViewController.swift in Sources */ = {isa = PBXBuildFile; fileRef = 600 /* ShareViewController.swift */; };
		014 /* ShareExtensionViewModel.swift in Sources */ = {isa = PBXBuildFile; fileRef = 601 /* ShareExtensionViewModel.swift */; };
		01A /* ShareExtension.appex in Embed Foundation Extensions */ = {isa = PBXBuildFile; fileRef = 620 /* ShareExtension.appex */; settings = {ATTRIBUTES = (RemoveHeadersOnCopy, ); }; };
		4AEE8FD92FF5AB270058060A /* Markepi.storekit in Resources */ = {isa = PBXBuildFile; fileRef = 4AEE8FD82FF5AB270058060A /* Markepi.storekit */; };
		4AEE8FDA2FF5AB270058060A /* Markepi.storekit in Resources */ = {isa = PBXBuildFile; fileRef = 4AEE8FD82FF5AB270058060A /* Markepi.storekit */; };
		4AF4A26C2FE9816900C77DCC /* WatermarkCore in Frameworks */ = {isa = PBXBuildFile; productRef = 30E /* WatermarkCore */; };
		723 /* TemplateListView.swift in Sources */ = {isa = PBXBuildFile; fileRef = 71F /* TemplateListView.swift */; };
		724 /* TemplateRowView.swift in Sources */ = {isa = PBXBuildFile; fileRef = 720 /* TemplateRowView.swift */; };
		725 /* TemplatePreviewThumbnail.swift in Sources */ = {isa = PBXBuildFile; fileRef = 721 /* TemplatePreviewThumbnail.swift */; };
		726 /* SaveTemplateAlertModifier.swift in Sources */ = {isa = PBXBuildFile; fileRef = 722 /* SaveTemplateAlertModifier.swift */; };
		727 /* BatchProgressOverlay.swift in Sources */ = {isa = PBXBuildFile; fileRef = 730 /* BatchProgressOverlay.swift */; };
		728 /* BatchItemConfigProxy.swift in Sources */ = {isa = PBXBuildFile; fileRef = 731 /* BatchItemConfigProxy.swift */; };
		729 /* BatchItemDetailSheet.swift in Sources */ = {isa = PBXBuildFile; fileRef = 732 /* BatchItemDetailSheet.swift */; };
		733 /* LaunchAnimationView.swift in Sources */ = {isa = PBXBuildFile; fileRef = 734 /* LaunchAnimationView.swift */; };
		74A /* Premium/PaywallView.swift in Sources */ = {isa = PBXBuildFile; fileRef = 74B /* Premium/PaywallView.swift */; };
		7B0 /* EditorTool.swift in Sources */ = {isa = PBXBuildFile; fileRef = 7A0 /* EditorTool.swift */; };
		7B1 /* EditorToolDock.swift in Sources */ = {isa = PBXBuildFile; fileRef = 7A1 /* EditorToolDock.swift */; };
		7B2 /* ToolPanelView.swift in Sources */ = {isa = PBXBuildFile; fileRef = 7A2 /* ToolPanelView.swift */; };
		7B3 /* ExportControls.swift in Sources */ = {isa = PBXBuildFile; fileRef = 7A3 /* ExportControls.swift */; };
		B01 /* Assets.xcassets in Resources */ = {isa = PBXBuildFile; fileRef = B00 /* Assets.xcassets */; };
/* End PBXBuildFile section */

/* Begin PBXCopyFilesBuildPhase section */
		409 /* Embed Foundation Extensions */ = {
			isa = PBXCopyFilesBuildPhase;
			buildActionMask = 2147483647;
			dstPath = "";
			dstSubfolderSpec = 13;
			files = (
				01A /* ShareExtension.appex in Embed Foundation Extensions */,
			);
			name = "Embed Foundation Extensions";
			runOnlyForDeploymentPostprocessing = 0;
		};
/* End PBXCopyFilesBuildPhase section */

/* Begin PBXFileReference section */
		100 /* Info.plist */ = {isa = PBXFileReference; lastKnownFileType = text.plist.xml; path = Info.plist; sourceTree = "<group>"; };
		101 /* AsyncButton.swift */ = {isa = PBXFileReference; lastKnownFileType = sourcecode.swift; path = AsyncButton.swift; sourceTree = "<group>"; };
		102 /* ContentView.swift */ = {isa = PBXFileReference; lastKnownFileType = sourcecode.swift; path = ContentView.swift; sourceTree = "<group>"; };
		104 /* ErrorAlertModifier.swift */ = {isa = PBXFileReference; lastKnownFileType = sourcecode.swift; path = ErrorAlertModifier.swift; sourceTree = "<group>"; };
		105 /* PhotoItem.swift */ = {isa = PBXFileReference; lastKnownFileType = sourcecode.swift; path = PhotoItem.swift; sourceTree = "<group>"; };
		107 /* PreviewView.swift */ = {isa = PBXFileReference; lastKnownFileType = sourcecode.swift; path = PreviewView.swift; sourceTree = "<group>"; };
		10B /* ThumbnailStripView.swift */ = {isa = PBXFileReference; lastKnownFileType = sourcecode.swift; path = ThumbnailStripView.swift; sourceTree = "<group>"; };
		10C /* WatermarkApp.swift */ = {isa = PBXFileReference; lastKnownFileType = sourcecode.swift; path = WatermarkApp.swift; sourceTree = "<group>"; };
		10D /* WatermarkViewModel.swift */ = {isa = PBXFileReference; lastKnownFileType = sourcecode.swift; path = WatermarkViewModel.swift; sourceTree = "<group>"; };
		10E /* WatermarkApp.app */ = {isa = PBXFileReference; explicitFileType = wrapper.application; includeInIndex = 0; path = WatermarkApp.app; sourceTree = BUILT_PRODUCTS_DIR; };
		112 /* ScaleLabelView.swift */ = {isa = PBXFileReference; lastKnownFileType = sourcecode.swift; path = ScaleLabelView.swift; sourceTree = "<group>"; };
		20E /* WatermarkCore */ = {isa = PBXFileReference; lastKnownFileType = wrapper; name = WatermarkCore; path = Packages/WatermarkCore; sourceTree = SOURCE_ROOT; };
		4AEE8FD82FF5AB270058060A /* Markepi.storekit */ = {isa = PBXFileReference; lastKnownFileType = text; path = Markepi.storekit; sourceTree = "<group>"; };
		600 /* ShareViewController.swift */ = {isa = PBXFileReference; lastKnownFileType = sourcecode.swift; path = ShareViewController.swift; sourceTree = "<group>"; };
		601 /* ShareExtensionViewModel.swift */ = {isa = PBXFileReference; lastKnownFileType = sourcecode.swift; path = ShareExtensionViewModel.swift; sourceTree = "<group>"; };
		604 /* Info.plist */ = {isa = PBXFileReference; lastKnownFileType = text.plist.xml; path = Info.plist; sourceTree = "<group>"; };
		605 /* ShareExtension.entitlements */ = {isa = PBXFileReference; lastKnownFileType = text.plist.entitlements; path = ShareExtension.entitlements; sourceTree = "<group>"; };
		620 /* ShareExtension.appex */ = {isa = PBXFileReference; explicitFileType = "wrapper.app-extension"; includeInIndex = 0; path = ShareExtension.appex; sourceTree = BUILT_PRODUCTS_DIR; };
		71F /* TemplateListView.swift */ = {isa = PBXFileReference; lastKnownFileType = sourcecode.swift; path = TemplateListView.swift; sourceTree = "<group>"; };
		720 /* TemplateRowView.swift */ = {isa = PBXFileReference; lastKnownFileType = sourcecode.swift; path = TemplateRowView.swift; sourceTree = "<group>"; };
		721 /* TemplatePreviewThumbnail.swift */ = {isa = PBXFileReference; lastKnownFileType = sourcecode.swift; path = TemplatePreviewThumbnail.swift; sourceTree = "<group>"; };
		722 /* SaveTemplateAlertModifier.swift */ = {isa = PBXFileReference; lastKnownFileType = sourcecode.swift; path = SaveTemplateAlertModifier.swift; sourceTree = "<group>"; };
		730 /* BatchProgressOverlay.swift */ = {isa = PBXFileReference; lastKnownFileType = sourcecode.swift; path = BatchProgressOverlay.swift; sourceTree = "<group>"; };
		731 /* BatchItemConfigProxy.swift */ = {isa = PBXFileReference; lastKnownFileType = sourcecode.swift; path = BatchItemConfigProxy.swift; sourceTree = "<group>"; };
		732 /* BatchItemDetailSheet.swift */ = {isa = PBXFileReference; lastKnownFileType = sourcecode.swift; path = BatchItemDetailSheet.swift; sourceTree = "<group>"; };
		734 /* LaunchAnimationView.swift */ = {isa = PBXFileReference; lastKnownFileType = sourcecode.swift; path = LaunchAnimationView.swift; sourceTree = "<group>"; };
		74B /* Premium/PaywallView.swift */ = {isa = PBXFileReference; lastKnownFileType = sourcecode.swift; path = Premium/PaywallView.swift; sourceTree = "<group>"; };
		7A0 /* EditorTool.swift */ = {isa = PBXFileReference; lastKnownFileType = sourcecode.swift; path = EditorTool.swift; sourceTree = "<group>"; };
		7A1 /* EditorToolDock.swift */ = {isa = PBXFileReference; lastKnownFileType = sourcecode.swift; path = EditorToolDock.swift; sourceTree = "<group>"; };
		7A2 /* ToolPanelView.swift */ = {isa = PBXFileReference; lastKnownFileType = sourcecode.swift; path = ToolPanelView.swift; sourceTree = "<group>"; };
		7A3 /* ExportControls.swift */ = {isa = PBXFileReference; lastKnownFileType = sourcecode.swift; path = ExportControls.swift; sourceTree = "<group>"; };
		B00 /* Assets.xcassets */ = {isa = PBXFileReference; lastKnownFileType = folder.assetcatalog; path = Assets.xcassets; sourceTree = "<group>"; };
/* End PBXFileReference section */

/* Begin PBXFrameworksBuildPhase section */
		200 /* Frameworks */ = {
			isa = PBXFrameworksBuildPhase;
			buildActionMask = 2147483647;
			files = (
				00E /* WatermarkCore in Frameworks */,
			);
			runOnlyForDeploymentPostprocessing = 0;
		};
		405 /* Frameworks */ = {
			isa = PBXFrameworksBuildPhase;
			buildActionMask = 2147483647;
			files = (
				4AF4A26C2FE9816900C77DCC /* WatermarkCore in Frameworks */,
			);
			runOnlyForDeploymentPostprocessing = 0;
		};
/* End PBXFrameworksBuildPhase section */

/* Begin PBXGroup section */
		300 = {
			isa = PBXGroup;
			children = (
				4AEE8FD82FF5AB270058060A /* Markepi.storekit */,
				301 /* App */,
				304 /* ShareExtension */,
				302,
				303 /* Products */,
			);
			sourceTree = "<group>";
		};
		301 /* App */ = {
			isa = PBXGroup;
			children = (
				10C /* WatermarkApp.swift */,
				B00 /* Assets.xcassets */,
				311 /* ViewModels */,
				312 /* Models */,
				313 /* Views */,
				100 /* Info.plist */,
			);
			path = App;
			sourceTree = "<group>";
		};
		302 = {
			isa = PBXGroup;
			children = (
				20E /* WatermarkCore */,
			);
			sourceTree = "<group>";
		};
		303 /* Products */ = {
			isa = PBXGroup;
			children = (
				10E /* WatermarkApp.app */,
				620 /* ShareExtension.appex */,
			);
			name = Products;
			sourceTree = "<group>";
		};
		304 /* ShareExtension */ = {
			isa = PBXGroup;
			children = (
				600 /* ShareViewController.swift */,
				601 /* ShareExtensionViewModel.swift */,
				604 /* Info.plist */,
				605 /* ShareExtension.entitlements */,
			);
			path = ShareExtension;
			sourceTree = "<group>";
		};
		311 /* ViewModels */ = {
			isa = PBXGroup;
			children = (
				10D /* WatermarkViewModel.swift */,
			);
			path = ViewModels;
			sourceTree = "<group>";
		};
		312 /* Models */ = {
			isa = PBXGroup;
			children = (
				105 /* PhotoItem.swift */,
			);
			path = Models;
			sourceTree = "<group>";
		};
		313 /* Views */ = {
			isa = PBXGroup;
			children = (
				102 /* ContentView.swift */,
				74B /* Premium/PaywallView.swift */,
				7A9 /* Editor */,
				331 /* PreviewArea */,
				334 /* Navigation */,
				335 /* Common */,
				336 /* Templates */,
				337 /* Batch */,
			);
			path = Views;
			sourceTree = "<group>";
		};
		331 /* PreviewArea */ = {
			isa = PBXGroup;
			children = (
				107 /* PreviewView.swift */,
				112 /* ScaleLabelView.swift */,
			);
			path = PreviewArea;
			sourceTree = "<group>";
		};
		334 /* Navigation */ = {
			isa = PBXGroup;
			children = (
				10B /* ThumbnailStripView.swift */,
			);
			path = Navigation;
			sourceTree = "<group>";
		};
		335 /* Common */ = {
			isa = PBXGroup;
			children = (
				101 /* AsyncButton.swift */,
				104 /* ErrorAlertModifier.swift */,
				734 /* LaunchAnimationView.swift */,
			);
			path = Common;
			sourceTree = "<group>";
		};
		336 /* Templates */ = {
			isa = PBXGroup;
			children = (
				71F /* TemplateListView.swift */,
				720 /* TemplateRowView.swift */,
				721 /* TemplatePreviewThumbnail.swift */,
				722 /* SaveTemplateAlertModifier.swift */,
			);
			path = Templates;
			sourceTree = "<group>";
		};
		337 /* Batch */ = {
			isa = PBXGroup;
			children = (
				730 /* BatchProgressOverlay.swift */,
				731 /* BatchItemConfigProxy.swift */,
				732 /* BatchItemDetailSheet.swift */,
			);
			path = Batch;
			sourceTree = "<group>";
		};
		7A9 /* Editor */ = {
			isa = PBXGroup;
			children = (
				7A0 /* EditorTool.swift */,
				7A1 /* EditorToolDock.swift */,
				7A2 /* ToolPanelView.swift */,
				7A3 /* ExportControls.swift */,
			);
			path = Editor;
			sourceTree = "<group>";
		};
/* End PBXGroup section */

/* Begin PBXNativeTarget section */
		400 /* WatermarkApp */ = {
			isa = PBXNativeTarget;
			buildConfigurationList = 70D /* Build configuration list for PBXNativeTarget "WatermarkApp" */;
			buildPhases = (
				401 /* Sources */,
				200 /* Frameworks */,
				402 /* Resources */,
				409 /* Embed Foundation Extensions */,
				C2D0001 /* Prepare C2PAC for Archive */,
			);
			buildRules = (
			);
			dependencies = (
			);
			name = WatermarkApp;
			packageProductDependencies = (
				30E /* WatermarkCore */,
			);
			productName = WatermarkApp;
			productReference = 10E /* WatermarkApp.app */;
			productType = "com.apple.product-type.application";
		};
		410 /* ShareExtension */ = {
			isa = PBXNativeTarget;
			buildConfigurationList = 71D /* Build configuration list for PBXNativeTarget "ShareExtension" */;
			buildPhases = (
				403 /* Sources */,
				405 /* Frameworks */,
				407 /* Resources */,
			);
			buildRules = (
			);
			dependencies = (
			);
			name = ShareExtension;
			packageProductDependencies = (
				30E /* WatermarkCore */,
			);
			productName = ShareExtension;
			productReference = 620 /* ShareExtension.appex */;
			productType = "com.apple.product-type.app-extension";
		};
/* End PBXNativeTarget section */

/* Begin PBXProject section */
		500 /* Project object */ = {
			isa = PBXProject;
			attributes = {
				BuildIndependentTargetsInParallel = 1;
				LastSwiftUpdateCheck = 2600;
				LastUpgradeCheck = 2660;
				TargetAttributes = {
					400 = {
						CreatedOnToolsVersion = 26.0;
						LastSwiftMigration = 2600;
						SystemCapabilities = {
							com.apple.InAppPurchase = {
								enabled = 1;
							};
						};
					};
					410 = {
						CreatedOnToolsVersion = 26.0;
						ProvisioningStyle = Automatic;
					};
				};
			};
			buildConfigurationList = 70E /* Build configuration list for PBXProject "Watermark" */;
			compatibilityVersion = "Xcode 16.0";
			developmentRegion = en;
			hasScannedForEncodings = 0;
			knownRegions = (
				en,
				Base,
			);
			mainGroup = 300;
			packageReferences = (
				503 /* XCLocalSwiftPackageReference "Packages/WatermarkCore" */,
			);
			productRefGroup = 303 /* Products */;
			projectDirPath = "";
			projectRoot = "";
			targets = (
				400 /* WatermarkApp */,
				410 /* ShareExtension */,
			);
		};
/* End PBXProject section */

/* Begin PBXResourcesBuildPhase section */
		402 /* Resources */ = {
			isa = PBXResourcesBuildPhase;
			buildActionMask = 2147483647;
			files = (
				4AEE8FD92FF5AB270058060A /* Markepi.storekit in Resources */,
				B01 /* Assets.xcassets in Resources */,
			);
			runOnlyForDeploymentPostprocessing = 0;
		};
		407 /* Resources */ = {
			isa = PBXResourcesBuildPhase;
			buildActionMask = 2147483647;
			files = (
				4AEE8FDA2FF5AB270058060A /* Markepi.storekit in Resources */,
			);
			runOnlyForDeploymentPostprocessing = 0;
		};
/* End PBXResourcesBuildPhase section */

/* Begin PBXShellScriptBuildPhase section */
		C2D0001 /* Prepare C2PAC for Archive */ = {
			isa = PBXShellScriptBuildPhase;
			buildActionMask = 2147483647;
			files = (
			);
			inputFileListPaths = (
			);
			inputPaths = (
				"$(TARGET_BUILD_DIR)/$(FRAMEWORKS_FOLDER_PATH)/C2PAC.framework/C2PAC",
			);
			name = "Prepare C2PAC for Archive";
			outputFileListPaths = (
			);
			outputPaths = (
				"$(DWARF_DSYM_FOLDER_PATH)/C2PAC.framework.dSYM",
			);
			runOnlyForDeploymentPostprocessing = 0;
			shellPath = /bin/sh;
			shellScript = "if [ \"${ACTION}\" != \"install\" ]; then\n    exit 0\nfi\n\nC2PAC_BINARY=\"${TARGET_BUILD_DIR}/${FRAMEWORKS_FOLDER_PATH}/C2PAC.framework/C2PAC\"\nif [ ! -f \"${C2PAC_BINARY}\" ]; then\n    C2PAC_BINARY=\"$(find \"${TARGET_BUILD_DIR}\" -path \"*/C2PAC.framework/C2PAC\" -type f -print -quit)\"\nfi\n\nif [ -z \"${C2PAC_BINARY}\" ] || [ ! -f \"${C2PAC_BINARY}\" ]; then\n    echo \"warning: C2PAC.framework binary not found; skipping C2PAC archive preparation\"\n    exit 0\nfi\n\nC2PAC_FRAMEWORK_DIR=\"$(dirname \"${C2PAC_BINARY}\")\"\nC2PAC_INFO_PLIST=\"${C2PAC_FRAMEWORK_DIR}/Info.plist\"\nC2PAC_MINIMUM_OS=\"${IPHONEOS_DEPLOYMENT_TARGET:-18.0}\"\n\nif [ -f \"${C2PAC_INFO_PLIST}\" ]; then\n    /usr/libexec/PlistBuddy -c \"Set :MinimumOSVersion ${C2PAC_MINIMUM_OS}\" \"${C2PAC_INFO_PLIST}\" 2>/dev/null || \\\n    /usr/libexec/PlistBuddy -c \"Add :MinimumOSVersion string ${C2PAC_MINIMUM_OS}\" \"${C2PAC_INFO_PLIST}\"\nfi\n\nif [ \"${CODE_SIGNING_ALLOWED:-NO}\" = \"YES\" ] && [ -n \"${EXPANDED_CODE_SIGN_IDENTITY:-}\" ] && [ \"${EXPANDED_CODE_SIGN_IDENTITY}\" != \"-\" ]; then\n    /usr/bin/codesign --force --sign \"${EXPANDED_CODE_SIGN_IDENTITY}\" --preserve-metadata=identifier,entitlements,flags --timestamp=none \"${C2PAC_FRAMEWORK_DIR}\"\nfi\n\nC2PAC_DSYM=\"${DWARF_DSYM_FOLDER_PATH}/C2PAC.framework.dSYM\"\nDSYMUTIL_LOG=\"${DERIVED_FILE_DIR}/C2PAC-dsymutil.log\"\nmkdir -p \"${DWARF_DSYM_FOLDER_PATH}\"\nmkdir -p \"${DERIVED_FILE_DIR}\"\nif ! xcrun dsymutil \"${C2PAC_BINARY}\" -o \"${C2PAC_DSYM}\" 2>\"${DSYMUTIL_LOG}\"; then\n    cat \"${DSYMUTIL_LOG}\"\n    exit 1\nfi\n\nif [ -n \"${ARCHIVE_PATH:-}\" ] && [ -d \"${ARCHIVE_PATH}\" ]; then\n    mkdir -p \"${ARCHIVE_PATH}/dSYMs\"\n    ditto \"${C2PAC_DSYM}\" \"${ARCHIVE_PATH}/dSYMs/C2PAC.framework.dSYM\"\nfi\n";
		};
/* End PBXShellScriptBuildPhase section */

/* Begin PBXSourcesBuildPhase section */
		401 /* Sources */ = {
			isa = PBXSourcesBuildPhase;
			buildActionMask = 2147483647;
			files = (
				723 /* TemplateListView.swift in Sources */,
				724 /* TemplateRowView.swift in Sources */,
				725 /* TemplatePreviewThumbnail.swift in Sources */,
				726 /* SaveTemplateAlertModifier.swift in Sources */,
				727 /* BatchProgressOverlay.swift in Sources */,
				728 /* BatchItemConfigProxy.swift in Sources */,
				729 /* BatchItemDetailSheet.swift in Sources */,
				001 /* AsyncButton.swift in Sources */,
				733 /* LaunchAnimationView.swift in Sources */,
				002 /* ContentView.swift in Sources */,
				74A /* Premium/PaywallView.swift in Sources */,
				7B0 /* EditorTool.swift in Sources */,
				7B1 /* EditorToolDock.swift in Sources */,
				7B2 /* ToolPanelView.swift in Sources */,
				7B3 /* ExportControls.swift in Sources */,
				004 /* ErrorAlertModifier.swift in Sources */,
				005 /* PhotoItem.swift in Sources */,
				007 /* PreviewView.swift in Sources */,
				00B /* ThumbnailStripView.swift in Sources */,
				00C /* WatermarkApp.swift in Sources */,
				00D /* WatermarkViewModel.swift in Sources */,
				012 /* ScaleLabelView.swift in Sources */,
			);
			runOnlyForDeploymentPostprocessing = 0;
		};
		403 /* Sources */ = {
			isa = PBXSourcesBuildPhase;
			buildActionMask = 2147483647;
			files = (
				013 /* ShareViewController.swift in Sources */,
				014 /* ShareExtensionViewModel.swift in Sources */,
			);
			runOnlyForDeploymentPostprocessing = 0;
		};
/* End PBXSourcesBuildPhase section */

/* Begin XCBuildConfiguration section */
		60D /* Debug */ = {
			isa = XCBuildConfiguration;
			buildSettings = {
				ALWAYS_SEARCH_USER_PATHS = NO;
				ASSETCATALOG_COMPILER_GENERATE_SWIFT_ASSET_SYMBOL_EXTENSIONS = YES;
				CLANG_ANALYZER_NONNULL = YES;
				CLANG_CXX_LANGUAGE_STANDARD = "gnu++20";
				CLANG_ENABLE_MODULES = YES;
				CLANG_ENABLE_OBJC_ARC = YES;
				CLANG_WARN_BLOCK_CAPTURE_AUTORELEASING = YES;
				CLANG_WARN_BOOL_CONVERSION = YES;
				CLANG_WARN_COMMA = YES;
				CLANG_WARN_CONSTANT_CONVERSION = YES;
				CLANG_WARN_DEPRECATED_OBJC_IMPLEMENTATIONS = YES;
				CLANG_WARN_EMPTY_BODY = YES;
				CLANG_WARN_ENUM_CONVERSION = YES;
				CLANG_WARN_INFINITE_RECURSION = YES;
				CLANG_WARN_INT_CONVERSION = YES;
				CLANG_WARN_NON_LITERAL_NULL_CONVERSION = YES;
				CLANG_WARN_OBJC_IMPLICIT_RETAIN_SELF = YES;
				CLANG_WARN_OBJC_LITERAL_CONVERSION = YES;
				CLANG_WARN_QUOTED_INCLUDE_IN_FRAMEWORK_HEADER = YES;
				CLANG_WARN_RANGE_LOOP_ANALYSIS = YES;
				CLANG_WARN_STRICT_PROTOTYPES = YES;
				CLANG_WARN_SUSPICIOUS_MOVE = YES;
				CLANG_WARN_UNREACHABLE_CODE = YES;
				CLANG_WARN__DUPLICATE_METHOD_MATCH = YES;
				COPY_PHASE_STRIP = NO;
				DEBUG_INFORMATION_FORMAT = dwarf;
				DEVELOPMENT_TEAM = 829378375Z;
				ENABLE_STRICT_OBJC_MSGSEND = YES;
				ENABLE_TESTABILITY = YES;
				GCC_DYNAMIC_NO_PIC = NO;
				GCC_NO_COMMON_BLOCKS = YES;
				GCC_OPTIMIZATION_LEVEL = 0;
				GCC_PREPROCESSOR_DEFINITIONS = (
					"DEBUG=1",
					"$(inherited)",
				);
				GCC_WARN_64_TO_32_BIT_CONVERSION = YES;
				GCC_WARN_ABOUT_RETURN_TYPE = YES;
				GCC_WARN_UNDECLARED_SELECTOR = YES;
				GCC_WARN_UNINITIALIZED_AUTOS = YES;
				GCC_WARN_UNUSED_FUNCTION = YES;
				GCC_WARN_UNUSED_VARIABLE = YES;
				IPHONEOS_DEPLOYMENT_TARGET = 18.0;
				MTL_ENABLE_DEBUG_INFO = INCLUDE_SOURCE;
				ONLY_ACTIVE_ARCH = YES;
				SDKROOT = iphoneos;
				STRING_CATALOG_GENERATE_SYMBOLS = YES;
				SWIFT_ACTIVE_COMPILATION_CONDITIONS = "DEBUG $(inherited)";
				SWIFT_OPTIMIZATION_LEVEL = "-Onone";
				SWIFT_VERSION = 6.0;
			};
			name = Debug;
		};
		60E /* Release */ = {
			isa = XCBuildConfiguration;
			buildSettings = {
				ALWAYS_SEARCH_USER_PATHS = NO;
				ASSETCATALOG_COMPILER_GENERATE_SWIFT_ASSET_SYMBOL_EXTENSIONS = YES;
				CLANG_ANALYZER_NONNULL = YES;
				CLANG_CXX_LANGUAGE_STANDARD = "gnu++20";
				CLANG_ENABLE_MODULES = YES;
				CLANG_ENABLE_OBJC_ARC = YES;
				CLANG_WARN_BLOCK_CAPTURE_AUTORELEASING = YES;
				CLANG_WARN_BOOL_CONVERSION = YES;
				CLANG_WARN_COMMA = YES;
				CLANG_WARN_CONSTANT_CONVERSION = YES;
				CLANG_WARN_DEPRECATED_OBJC_IMPLEMENTATIONS = YES;
				CLANG_WARN_EMPTY_BODY = YES;
				CLANG_WARN_ENUM_CONVERSION = YES;
				CLANG_WARN_INFINITE_RECURSION = YES;
				CLANG_WARN_INT_CONVERSION = YES;
				CLANG_WARN_NON_LITERAL_NULL_CONVERSION = YES;
				CLANG_WARN_OBJC_IMPLICIT_RETAIN_SELF = YES;
				CLANG_WARN_OBJC_LITERAL_CONVERSION = YES;
				CLANG_WARN_QUOTED_INCLUDE_IN_FRAMEWORK_HEADER = YES;
				CLANG_WARN_RANGE_LOOP_ANALYSIS = YES;
				CLANG_WARN_STRICT_PROTOTYPES = YES;
				CLANG_WARN_SUSPICIOUS_MOVE = YES;
				CLANG_WARN_UNREACHABLE_CODE = YES;
				CLANG_WARN__DUPLICATE_METHOD_MATCH = YES;
				COPY_PHASE_STRIP = NO;
				DEBUG_INFORMATION_FORMAT = "dwarf-with-dsym";
				DEVELOPMENT_TEAM = 829378375Z;
				ENABLE_NS_ASSERTIONS = NO;
				ENABLE_STRICT_OBJC_MSGSEND = YES;
				GCC_NO_COMMON_BLOCKS = YES;
				GCC_OPTIMIZATION_LEVEL = s;
				GCC_WARN_64_TO_32_BIT_CONVERSION = YES;
				GCC_WARN_ABOUT_RETURN_TYPE = YES;
				GCC_WARN_UNDECLARED_SELECTOR = YES;
				GCC_WARN_UNINITIALIZED_AUTOS = YES;
				GCC_WARN_UNUSED_FUNCTION = YES;
				GCC_WARN_UNUSED_VARIABLE = YES;
				IPHONEOS_DEPLOYMENT_TARGET = 18.0;
				MTL_ENABLE_DEBUG_INFO = NO;
				SDKROOT = iphoneos;
				STRING_CATALOG_GENERATE_SYMBOLS = YES;
				SWIFT_COMPILATION_MODE = wholemodule;
				SWIFT_OPTIMIZATION_LEVEL = "-O";
				SWIFT_VERSION = 6.0;
				VALIDATE_PRODUCT = YES;
			};
			name = Release;
		};
		61D /* Debug */ = {
			isa = XCBuildConfiguration;
			buildSettings = {
				ASSETCATALOG_COMPILER_APPICON_NAME = AppIcon;
				CODE_SIGN_ENTITLEMENTS = App/App.entitlements;
				CODE_SIGN_STYLE = Automatic;
				CURRENT_PROJECT_VERSION = 1;
				ENABLE_PREVIEWS = YES;
				ENABLE_USER_SCRIPT_SANDBOXING = NO;
				GENERATE_INFOPLIST_FILE = YES;
				INFOPLIST_FILE = App/Info.plist;
				INFOPLIST_KEY_CFBundleDisplayName = Markepi;
				INFOPLIST_KEY_LSApplicationCategoryType = "public.app-category.photography";
				INFOPLIST_KEY_UIApplicationSceneManifest_Generation = YES;
				INFOPLIST_KEY_UIApplicationSupportsIndirectInputEvents = YES;
				INFOPLIST_KEY_UILaunchScreen_Generation = YES;
				INFOPLIST_KEY_UISupportedInterfaceOrientations_iPad = "UIInterfaceOrientationPortrait UIInterfaceOrientationPortraitUpsideDown UIInterfaceOrientationLandscapeLeft UIInterfaceOrientationLandscapeRight";
				INFOPLIST_KEY_UISupportedInterfaceOrientations_iPhone = "UIInterfaceOrientationPortrait UIInterfaceOrientationLandscapeLeft UIInterfaceOrientationLandscapeRight";
				IPHONEOS_DEPLOYMENT_TARGET = 18.0;
				LD_RUNPATH_SEARCH_PATHS = (
					"$(inherited)",
					"@executable_path/Frameworks",
				);
				MARKETING_VERSION = 1.2;
				PRODUCT_BUNDLE_IDENTIFIER = com.osamamazhar.markepi;
				PRODUCT_NAME = "$(TARGET_NAME)";
				SWIFT_EMIT_LOC_STRINGS = YES;
				SWIFT_VERSION = 6.0;
				TARGETED_DEVICE_FAMILY = "1,2";
			};
			name = Debug;
		};
		61E /* Release */ = {
			isa = XCBuildConfiguration;
			buildSettings = {
				ASSETCATALOG_COMPILER_APPICON_NAME = AppIcon;
				CODE_SIGN_ENTITLEMENTS = App/App.entitlements;
				CODE_SIGN_STYLE = Automatic;
				CURRENT_PROJECT_VERSION = 1;
				ENABLE_PREVIEWS = YES;
				ENABLE_USER_SCRIPT_SANDBOXING = NO;
				GENERATE_INFOPLIST_FILE = YES;
				INFOPLIST_FILE = App/Info.plist;
				INFOPLIST_KEY_CFBundleDisplayName = Markepi;
				INFOPLIST_KEY_LSApplicationCategoryType = "public.app-category.photography";
				INFOPLIST_KEY_UIApplicationSceneManifest_Generation = YES;
				INFOPLIST_KEY_UIApplicationSupportsIndirectInputEvents = YES;
				INFOPLIST_KEY_UILaunchScreen_Generation = YES;
				INFOPLIST_KEY_UISupportedInterfaceOrientations_iPad = "UIInterfaceOrientationPortrait UIInterfaceOrientationPortraitUpsideDown UIInterfaceOrientationLandscapeLeft UIInterfaceOrientationLandscapeRight";
				INFOPLIST_KEY_UISupportedInterfaceOrientations_iPhone = "UIInterfaceOrientationPortrait UIInterfaceOrientationLandscapeLeft UIInterfaceOrientationLandscapeRight";
				IPHONEOS_DEPLOYMENT_TARGET = 18.0;
				LD_RUNPATH_SEARCH_PATHS = (
					"$(inherited)",
					"@executable_path/Frameworks",
				);
				MARKETING_VERSION = 1.2;
				PRODUCT_BUNDLE_IDENTIFIER = com.osamamazhar.markepi;
				PRODUCT_NAME = "$(TARGET_NAME)";
				SWIFT_EMIT_LOC_STRINGS = YES;
				SWIFT_VERSION = 6.0;
				TARGETED_DEVICE_FAMILY = "1,2";
			};
			name = Release;
		};
		62D /* Debug */ = {
			isa = XCBuildConfiguration;
			buildSettings = {
				CODE_SIGN_ENTITLEMENTS = ShareExtension/ShareExtension.entitlements;
				CODE_SIGN_STYLE = Automatic;
				CURRENT_PROJECT_VERSION = 1;
				ENABLE_USER_SCRIPT_SANDBOXING = NO;
				GENERATE_INFOPLIST_FILE = YES;
				INFOPLIST_FILE = ShareExtension/Info.plist;
				INFOPLIST_KEY_CFBundleDisplayName = Markepi;
				IPHONEOS_DEPLOYMENT_TARGET = 18.0;
				LD_RUNPATH_SEARCH_PATHS = (
					"$(inherited)",
					"@executable_path/Frameworks",
					"@executable_path/../../Frameworks",
				);
				MARKETING_VERSION = 1.2;
				PRODUCT_BUNDLE_IDENTIFIER = com.osamamazhar.markepi.share;
				PRODUCT_NAME = "$(TARGET_NAME)";
				SWIFT_EMIT_LOC_STRINGS = YES;
				SWIFT_VERSION = 5.0;
				TARGETED_DEVICE_FAMILY = 1;
			};
			name = Debug;
		};
		62E /* Release */ = {
			isa = XCBuildConfiguration;
			buildSettings = {
				CODE_SIGN_ENTITLEMENTS = ShareExtension/ShareExtension.entitlements;
				CODE_SIGN_STYLE = Automatic;
				CURRENT_PROJECT_VERSION = 1;
				ENABLE_USER_SCRIPT_SANDBOXING = NO;
				GENERATE_INFOPLIST_FILE = YES;
				INFOPLIST_FILE = ShareExtension/Info.plist;
				INFOPLIST_KEY_CFBundleDisplayName = Markepi;
				IPHONEOS_DEPLOYMENT_TARGET = 18.0;
				LD_RUNPATH_SEARCH_PATHS = (
					"$(inherited)",
					"@executable_path/Frameworks",
					"@executable_path/../../Frameworks",
				);
				MARKETING_VERSION = 1.2;
				PRODUCT_BUNDLE_IDENTIFIER = com.osamamazhar.markepi.share;
				PRODUCT_NAME = "$(TARGET_NAME)";
				SWIFT_EMIT_LOC_STRINGS = YES;
				SWIFT_VERSION = 5.0;
				TARGETED_DEVICE_FAMILY = 1;
			};
			name = Release;
		};
/* End XCBuildConfiguration section */

/* Begin XCConfigurationList section */
		70D /* Build configuration list for PBXNativeTarget "WatermarkApp" */ = {
			isa = XCConfigurationList;
			buildConfigurations = (
				61D /* Debug */,
				61E /* Release */,
			);
			defaultConfigurationIsVisible = 0;
			defaultConfigurationName = Release;
		};
		70E /* Build configuration list for PBXProject "Watermark" */ = {
			isa = XCConfigurationList;
			buildConfigurations = (
				60D /* Debug */,
				60E /* Release */,
			);
			defaultConfigurationIsVisible = 0;
			defaultConfigurationName = Release;
		};
		71D /* Build configuration list for PBXNativeTarget "ShareExtension" */ = {
			isa = XCConfigurationList;
			buildConfigurations = (
				62D /* Debug */,
				62E /* Release */,
			);
			defaultConfigurationIsVisible = 0;
			defaultConfigurationName = Release;
		};
/* End XCConfigurationList section */

/* Begin XCLocalSwiftPackageReference section */
		503 /* XCLocalSwiftPackageReference "Packages/WatermarkCore" */ = {
			isa = XCLocalSwiftPackageReference;
			relativePath = Packages/WatermarkCore;
		};
/* End XCLocalSwiftPackageReference section */

/* Begin XCSwiftPackageProductDependency section */
		30E /* WatermarkCore */ = {
			isa = XCSwiftPackageProductDependency;
			productName = WatermarkCore;
		};
/* End XCSwiftPackageProductDependency section */
	};
	rootObject = 500 /* Project object */;
}
